
Microsoft Visual Studio Solution File, Format Version 12.00
# Visual Studio Version 16
VisualStudioVersion = 16.0.29728.190
MinimumVisualStudioVersion = 10.0.40219.1
Project("{FAE04EC0-301F-11D3-BF4B-00C04F79EFBC}") = "ebookstore", "ebookstore\ebookstore.csproj", "{AC02EF12-6ED4-4D15-A765-D386F583047B}"
EndProject
Global
	GlobalSection(SolutionConfigurationPlatforms) = preSolution
		Debug|Any CPU = Debug|Any CPU
		Release|Any CPU = Release|Any CPU
	EndGlobalSection
	GlobalSection(ProjectConfigurationPlatforms) = postSolution
		{AC02EF12-6ED4-4D15-A765-D386F583047B}.Debug|Any CPU.ActiveCfg = Debug|Any CPU
		{AC02EF12-6ED4-4D15-A765-D386F583047B}.Debug|Any CPU.Build.0 = Debug|Any CPU
		{AC02EF12-6ED4-4D15-A765-D386F583047B}.Release|Any CPU.ActiveCfg = Release|Any CPU
		{AC02EF12-6ED4-4D15-A765-D386F583047B}.Release|Any CPU.Build.0 = Release|Any CPU
	EndGlobalSection
	GlobalSection(SolutionProperties) = preSolution
		HideSolutionNode = FALSE
	EndGlobalSection
	GlobalSection(ExtensibilityGlobals) = postSolution
		SolutionGuid = {715D70BB-9258-48CC-8AF9-C78916C81EC1}
	EndGlobalSection
EndGlobal
